// !$*UTF8*$!
{
	archiveVersion = 1;
	classes = {
	};
	objectVersion = 46;
	objects = {

/* Begin PBXBuildFile section */
		D82431451EC4022E00656584 /* AppDelegate.swift in Sources */ = {isa = PBXBuildFile; fileRef = D82431441EC4022E00656584 /* AppDelegate.swift */; };
		D82431471EC4022E00656584 /* ViewController.swift in Sources */ = {isa = PBXBuildFile; fileRef = D82431461EC4022E00656584 /* ViewController.swift */; };
		D824314A1EC4022E00656584 /* Main.storyboard in Resources */ = {isa = PBXBuildFile; fileRef = D82431481EC4022E00656584 /* Main.storyboard */; };
		D824314D1EC4022E00656584 /* Tagify.xcdatamodeld in Sources */ = {isa = PBXBuildFile; fileRef = D824314B1EC4022E00656584 /* Tagify.xcdatamodeld */; };
		D824314F1EC4022E00656584 /* Assets.xcassets in Resources */ = {isa = PBXBuildFile; fileRef = D824314E1EC4022E00656584 /* Assets.xcassets */; };
		D82431521EC4022E00656584 /* LaunchScreen.storyboard in Resources */ = {isa = PBXBuildFile; fileRef = D82431501EC4022E00656584 /* LaunchScreen.storyboard */; };
		D824315D1EC4022E00656584 /* TagifyTests.swift in Sources */ = {isa = PBXBuildFile; fileRef = D824315C1EC4022E00656584 /* TagifyTests.swift */; };
		D82431681EC4022E00656584 /* TagifyUITests.swift in Sources */ = {isa = PBXBuildFile; fileRef = D82431671EC4022E00656584 /* TagifyUITests.swift */; };
/* End PBXBuildFile section */

/* Begin PBXContainerItemProxy section */
		D82431591EC4022E00656584 /* PBXContainerItemProxy */ = {
			isa = PBXContainerItemProxy;
			containerPortal = D82431391EC4022E00656584 /* Project object */;
			proxyType = 1;
			remoteGlobalIDString = D82431401EC4022E00656584;
			remoteInfo = Tagify;
		};
		D82431641EC4022E00656584 /* PBXContainerItemProxy */ = {
			isa = PBXContainerItemProxy;
			containerPortal = D82431391EC4022E00656584 /* Project object */;
			proxyType = 1;
			remoteGlobalIDString = D82431401EC4022E00656584;
			remoteInfo = Tagify;
		};
/* End PBXContainerItemProxy section */

/* Begin PBXFileReference section */
		D82431411EC4022E00656584 /* Tagify.app */ = {isa = PBXFileReference; explicitFileType = wrapper.application; includeInIndex = 0; path = Tagify.app; sourceTree = BUILT_PRODUCTS_DIR; };
		D82431441EC4022E00656584 /* AppDelegate.swift */ = {isa = PBXFileReference; lastKnownFileType = sourcecode.swift; path = AppDelegate.swift; sourceTree = "<group>"; };
		D82431461EC4022E00656584 /* ViewController.swift */ = {isa = PBXFileReference; lastKnownFileType = sourcecode.swift; path = ViewController.swift; sourceTree = "<group>"; };
		D82431491EC4022E00656584 /* Base */ = {isa = PBXFileReference; lastKnownFileType = file.storyboard; name = Base; path = Base.lproj/Main.storyboard; sourceTree = "<group>"; };
		D824314C1EC4022E00656584 /* Tagify.xcdatamodel */ = {isa = PBXFileReference; lastKnownFileType = wrapper.xcdatamodel; path = Tagify.xcdatamodel; sourceTree = "<group>"; };
		D824314E1EC4022E00656584 /* Assets.xcassets */ = {isa = PBXFileReference; lastKnownFileType = folder.assetcatalog; path = Assets.xcassets; sourceTree = "<group>"; };
		D82431511EC4022E00656584 /* Base */ = {isa = PBXFileReference; lastKnownFileType = file.storyboard; name = Base; path = Base.lproj/LaunchScreen.storyboard; sourceTree = "<group>"; };
		D82431531EC4022E00656584 /* Info.plist */ = {isa = PBXFileReference; lastKnownFileType = text.plist.xml; path = Info.plist; sourceTree = "<group>"; };
		D82431581EC4022E00656584 /* TagifyTests.xctest */ = {isa = PBXFileReference; explicitFileType = wrapper.cfbundle; includeInIndex = 0; path = TagifyTests.xctest; sourceTree = BUILT_PRODUCTS_DIR; };
		D824315C1EC4022E00656584 /* TagifyTests.swift */ = {isa = PBXFileReference; lastKnownFileType = sourcecode.swift; path = TagifyTests.swift; sourceTree = "<group>"; };
		D824315E1EC4022E00656584 /* Info.plist */ = {isa = PBXFileReference; lastKnownFileType = text.plist.xml; path = Info.plist; sourceTree = "<group>"; };
		D82431631EC4022E00656584 /* TagifyUITests.xctest */ = {isa = PBXFileReference; explicitFileType = wrapper.cfbundle; includeInIndex = 0; path = TagifyUITests.xctest; sourceTree = BUILT_PRODUCTS_DIR; };
		D82431671EC4022E00656584 /* TagifyUITests.swift */ = {isa = PBXFileReference; lastKnownFileType = sourcecode.swift; path = TagifyUITests.swift; sourceTree = "<group>"; };
		D82431691EC4022E00656584 /* Info.plist */ = {isa = PBXFileReference; lastKnownFileType = text.plist.xml; path = Info.plist; sourceTree = "<group>"; };
/* End PBXFileReference section */

/* Begin PBXFrameworksBuildPhase section */
		D824313E1EC4022E00656584 /* Frameworks */ = {
			isa = PBXFrameworksBuildPhase;
			buildActionMask = 2147483647;
			files = (
			);
			runOnlyForDeploymentPostprocessing = 0;
		};
		D82431551EC4022E00656584 /* Frameworks */ = {
			isa = PBXFrameworksBuildPhase;
			buildActionMask = 2147483647;
			files = (
			);
			runOnlyForDeploymentPostprocessing = 0;
		};
		D82431601EC4022E00656584 /* Frameworks */ = {
			isa = PBXFrameworksBuildPhase;
			buildActionMask = 2147483647;
			files = (
			);
			runOnlyForDeploymentPostprocessing = 0;
		};
/* End PBXFrameworksBuildPhase section */

/* Begin PBXGroup section */
		D82431381EC4022E00656584 = {
			isa = PBXGroup;
			children = (
				D82431431EC4022E00656584 /* Tagify */,
				D824315B1EC4022E00656584 /* TagifyTests */,
				D82431661EC4022E00656584 /* TagifyUITests */,
				D82431421EC4022E00656584 /* Products */,
			);
			sourceTree = "<group>";
		};
		D82431421EC4022E00656584 /* Products */ = {
			isa = PBXGroup;
			children = (
				D82431411EC4022E00656584 /* Tagify.app */,
				D82431581EC4022E00656584 /* TagifyTests.xctest */,
				D82431631EC4022E00656584 /* TagifyUITests.xctest */,
			);
			name = Products;
			sourceTree = "<group>";
		};
		D82431431EC4022E00656584 /* Tagify */ = {
			isa = PBXGroup;
			children = (
				D82431441EC4022E00656584 /* AppDelegate.swift */,
				D82431461EC4022E00656584 /* ViewController.swift */,
				D82431481EC4022E00656584 /* Main.storyboard */,
				D824314E1EC4022E00656584 /* Assets.xcassets */,
				D82431501EC4022E00656584 /* LaunchScreen.storyboard */,
				D82431531EC4022E00656584 /* Info.plist */,
				D824314B1EC4022E00656584 /* Tagify.xcdatamodeld */,
			);
			path = Tagify;
			sourceTree = "<group>";
		};
		D824315B1EC4022E00656584 /* TagifyTests */ = {
			isa = PBXGroup;
			children = (
				D824315C1EC4022E00656584 /* TagifyTests.swift */,
				D824315E1EC4022E00656584 /* Info.plist */,
			);
			path = TagifyTests;
			sourceTree = "<group>";
		};
		D82431661EC4022E00656584 /* TagifyUITests */ = {
			isa = PBXGroup;
			children = (
				D82431671EC4022E00656584 /* TagifyUITests.swift */,
				D82431691EC4022E00656584 /* Info.plist */,
			);
			path = TagifyUITests;
			sourceTree = "<group>";
		};
/* End PBXGroup section */

/* Begin PBXNativeTarget section */
		D82431401EC4022E00656584 /* Tagify */ = {
			isa = PBXNativeTarget;
			buildConfigurationList = D824316C1EC4022E00656584 /* Build configuration list for PBXNativeTarget "Tagify" */;
			buildPhases = (
				D824313D1EC4022E00656584 /* Sources */,
				D824313E1EC4022E00656584 /* Frameworks */,
				D824313F1EC4022E00656584 /* Resources */,
			);
			buildRules = (
			);
			dependencies = (
			);
			name = Tagify;
			productName = Tagify;
			productReference = D82431411EC4022E00656584 /* Tagify.app */;
			productType = "com.apple.product-type.application";
		};
		D82431571EC4022E00656584 /* TagifyTests */ = {
			isa = PBXNativeTarget;
			buildConfigurationList = D824316F1EC4022E00656584 /* Build configuration list for PBXNativeTarget "TagifyTests" */;
			buildPhases = (
				D82431541EC4022E00656584 /* Sources */,
				D82431551EC4022E00656584 /* Frameworks */,
				D82431561EC4022E00656584 /* Resources */,
			);
			buildRules = (
			);
			dependencies = (
				D824315A1EC4022E00656584 /* PBXTargetDependency */,
			);
			name = TagifyTests;
			productName = TagifyTests;
			productReference = D82431581EC4022E00656584 /* TagifyTests.xctest */;
			productType = "com.apple.product-type.bundle.unit-test";
		};
		D82431621EC4022E00656584 /* TagifyUITests */ = {
			isa = PBXNativeTarget;
			buildConfigurationList = D82431721EC4022E00656584 /* Build configuration list for PBXNativeTarget "TagifyUITests" */;
			buildPhases = (
				D824315F1EC4022E00656584 /* Sources */,
				D82431601EC4022E00656584 /* Frameworks */,
				D82431611EC4022E00656584 /* Resources */,
			);
			buildRules = (
			);
			dependencies = (
				D82431651EC4022E00656584 /* PBXTargetDependency */,
			);
			name = TagifyUITests;
			productName = TagifyUITests;
			productReference = D82431631EC4022E00656584 /* TagifyUITests.xctest */;
			productType = "com.apple.product-type.bundle.ui-testing";
		};
/* End PBXNativeTarget section */

/* Begin PBXProject section */
		D82431391EC4022E00656584 /* Project object */ = {
			isa = PBXProject;
			attributes = {
				LastSwiftUpdateCheck = 0830;
				LastUpgradeCheck = 0830;
				ORGANIZATIONNAME = "Shirley He";
				TargetAttributes = {
					D82431401EC4022E00656584 = {
						CreatedOnToolsVersion = 8.3.2;
						ProvisioningStyle = Automatic;
					};
					D82431571EC4022E00656584 = {
						CreatedOnToolsVersion = 8.3.2;
						ProvisioningStyle = Automatic;
						TestTargetID = D82431401EC4022E00656584;
					};
					D82431621EC4022E00656584 = {
						CreatedOnToolsVersion = 8.3.2;
						ProvisioningStyle = Automatic;
						TestTargetID = D82431401EC4022E00656584;
					};
				};
			};
			buildConfigurationList = D824313C1EC4022E00656584 /* Build configuration list for PBXProject "Tagify" */;
			compatibilityVersion = "Xcode 3.2";
			developmentRegion = English;
			hasScannedForEncodings = 0;
			knownRegions = (
				en,
				Base,
			);
			mainGroup = D82431381EC4022E00656584;
			productRefGroup = D82431421EC4022E00656584 /* Products */;
			projectDirPath = "";
			projectRoot = "";
			targets = (
				D82431401EC4022E00656584 /* Tagify */,
				D82431571EC4022E00656584 /* TagifyTests */,
				D82431621EC4022E00656584 /* TagifyUITests */,
			);
		};
/* End PBXProject section */

/* Begin PBXResourcesBuildPhase section */
		D824313F1EC4022E00656584 /* Resources */ = {
			isa = PBXResourcesBuildPhase;
			buildActionMask = 2147483647;
			files = (
				D82431521EC4022E00656584 /* LaunchScreen.storyboard in Resources */,
				D824314F1EC4022E00656584 /* Assets.xcassets in Resources */,
				D824314A1EC4022E00656584 /* Main.storyboard in Resources */,
			);
			runOnlyForDeploymentPostprocessing = 0;
		};
		D82431561EC4022E00656584 /* Resources */ = {
			isa = PBXResourcesBuildPhase;
			buildActionMask = 2147483647;
			files = (
			);
			runOnlyForDeploymentPostprocessing = 0;
		};
		D82431611EC4022E00656584 /* Resources */ = {
			isa = PBXResourcesBuildPhase;
			buildActionMask = 2147483647;
			files = (
			);
			runOnlyForDeploymentPostprocessing = 0;
		};
/* End PBXResourcesBuildPhase section */

/* Begin PBXSourcesBuildPhase section */
		D824313D1EC4022E00656584 /* Sources */ = {
			isa = PBXSourcesBuildPhase;
			buildActionMask = 2147483647;
			files = (
				D82431471EC4022E00656584 /* ViewController.swift in Sources */,
				D824314D1EC4022E00656584 /* Tagify.xcdatamodeld in Sources */,
				D82431451EC4022E00656584 /* AppDelegate.swift in Sources */,
			);
			runOnlyForDeploymentPostprocessing = 0;
		};
		D82431541EC4022E00656584 /* Sources */ = {
			isa = PBXSourcesBuildPhase;
			buildActionMask = 2147483647;
			files = (
				D824315D1EC4022E00656584 /* TagifyTests.swift in Sources */,
			);
			runOnlyForDeploymentPostprocessing = 0;
		};
		D824315F1EC4022E00656584 /* Sources */ = {
			isa = PBXSourcesBuildPhase;
			buildActionMask = 2147483647;
			files = (
				D82431681EC4022E00656584 /* TagifyUITests.swift in Sources */,
			);
			runOnlyForDeploymentPostprocessing = 0;
		};
/* End PBXSourcesBuildPhase section */

/* Begin PBXTargetDependency section */
		D824315A1EC4022E00656584 /* PBXTargetDependency */ = {
			isa = PBXTargetDependency;
			target = D82431401EC4022E00656584 /* Tagify */;
			targetProxy = D82431591EC4022E00656584 /* PBXContainerItemProxy */;
		};
		D82431651EC4022E00656584 /* PBXTargetDependency */ = {
			isa = PBXTargetDependency;
			target = D82431401EC4022E00656584 /* Tagify */;
			targetProxy = D82431641EC4022E00656584 /* PBXContainerItemProxy */;
		};
/* End PBXTargetDependency section */

/* Begin PBXVariantGroup section */
		D82431481EC4022E00656584 /* Main.storyboard */ = {
			isa = PBXVariantGroup;
			children = (
				D82431491EC4022E00656584 /* Base */,
			);
			name = Main.storyboard;
			sourceTree = "<group>";
		};
		D82431501EC4022E00656584 /* LaunchScreen.storyboard */ = {
			isa = PBXVariantGroup;
			children = (
				D82431511EC4022E00656584 /* Base */,
			);
			name = LaunchScreen.storyboard;
			sourceTree = "<group>";
		};
/* End PBXVariantGroup section */

/* Begin XCBuildConfiguration section */
		D824316A1EC4022E00656584 /* Debug */ = {
			isa = XCBuildConfiguration;
			buildSettings = {
				ALWAYS_SEARCH_USER_PATHS = NO;
				CLANG_ANALYZER_NONNULL = YES;
				CLANG_ANALYZER_NUMBER_OBJECT_CONVERSION = YES_AGGRESSIVE;
				CLANG_CXX_LANGUAGE_STANDARD = "gnu++0x";
				CLANG_CXX_LIBRARY = "libc++";
				CLANG_ENABLE_MODULES = YES;
				CLANG_ENABLE_OBJC_ARC = YES;
				CLANG_WARN_BOOL_CONVERSION = YES;
				CLANG_WARN_CONSTANT_CONVERSION = YES;
				CLANG_WARN_DIRECT_OBJC_ISA_USAGE = YES_ERROR;
				CLANG_WARN_DOCUMENTATION_COMMENTS = YES;
				CLANG_WARN_EMPTY_BODY = YES;
				CLANG_WARN_ENUM_CONVERSION = YES;
				CLANG_WARN_INFINITE_RECURSION = YES;
				CLANG_WARN_INT_CONVERSION = YES;
				CLANG_WARN_OBJC_ROOT_CLASS = YES_ERROR;
				CLANG_WARN_SUSPICIOUS_MOVE = YES;
				CLANG_WARN_UNREACHABLE_CODE = YES;
				CLANG_WARN__DUPLICATE_METHOD_MATCH = YES;
				"CODE_SIGN_IDENTITY[sdk=iphoneos*]" = "iPhone Developer";
				COPY_PHASE_STRIP = NO;
				DEBUG_INFORMATION_FORMAT = dwarf;
				ENABLE_STRICT_OBJC_MSGSEND = YES;
				ENABLE_TESTABILITY = YES;
				GCC_C_LANGUAGE_STANDARD = gnu99;
				GCC_DYNAMIC_NO_PIC = NO;
				GCC_NO_COMMON_BLOCKS = YES;
				GCC_OPTIMIZATION_LEVEL = 0;
				GCC_PREPROCESSOR_DEFINITIONS = (
					"DEBUG=1",
					"$(inherited)",
				);
				GCC_WARN_64_TO_32_BIT_CONVERSION = YES;
				GCC_WARN_ABOUT_RETURN_TYPE = YES_ERROR;
				GCC_WARN_UNDECLARED_SELECTOR = YES;
				GCC_WARN_UNINITIALIZED_AUTOS = YES_AGGRESSIVE;
				GCC_WARN_UNUSED_FUNCTION = YES;
				GCC_WARN_UNUSED_VARIABLE = YES;
				IPHONEOS_DEPLOYMENT_TARGET = 10.3;
				MTL_ENABLE_DEBUG_INFO = YES;
				ONLY_ACTIVE_ARCH = YES;
				SDKROOT = iphoneos;
				SWIFT_ACTIVE_COMPILATION_CONDITIONS = DEBUG;
				SWIFT_OPTIMIZATION_LEVEL = "-Onone";
			};
			name = Debug;
		};
		D824316B1EC4022E00656584 /* Release */ = {
			isa = XCBuildConfiguration;
			buildSettings = {
				ALWAYS_SEARCH_USER_PATHS = NO;
				CLANG_ANALYZER_NONNULL = YES;
				CLANG_ANALYZER_NUMBER_OBJECT_CONVERSION = YES_AGGRESSIVE;
				CLANG_CXX_LANGUAGE_STANDARD = "gnu++0x";
				CLANG_CXX_LIBRARY = "libc++";
				CLANG_ENABLE_MODULES = YES;
				CLANG_ENABLE_OBJC_ARC = YES;
				CLANG_WARN_BOOL_CONVERSION = YES;
				CLANG_WARN_CONSTANT_CONVERSION = YES;
				CLANG_WARN_DIRECT_OBJC_ISA_USAGE = YES_ERROR;
				CLANG_WARN_DOCUMENTATION_COMMENTS = YES;
				CLANG_WARN_EMPTY_BODY = YES;
				CLANG_WARN_ENUM_CONVERSION = YES;
				CLANG_WARN_INFINITE_RECURSION = YES;
				CLANG_WARN_INT_CONVERSION = YES;
				CLANG_WARN_OBJC_ROOT_CLASS = YES_ERROR;
				CLANG_WARN_SUSPICIOUS_MOVE = YES;
				CLANG_WARN_UNREACHABLE_CODE = YES;
				CLANG_WARN__DUPLICATE_METHOD_MATCH = YES;
				"CODE_SIGN_IDENTITY[sdk=iphoneos*]" = "iPhone Developer";
				COPY_PHASE_STRIP = NO;
				DEBUG_INFORMATION_FORMAT = "dwarf-with-dsym";
				ENABLE_NS_ASSERTIONS = NO;
				ENABLE_STRICT_OBJC_MSGSEND = YES;
				GCC_C_LANGUAGE_STANDARD = gnu99;
				GCC_NO_COMMON_BLOCKS = YES;
				GCC_WARN_64_TO_32_BIT_CONVERSION = YES;
				GCC_WARN_ABOUT_RETURN_TYPE = YES_ERROR;
				GCC_WARN_UNDECLARED_SELECTOR = YES;
				GCC_WARN_UNINITIALIZED_AUTOS = YES_AGGRESSIVE;
				GCC_WARN_UNUSED_FUNCTION = YES;
				GCC_WARN_UNUSED_VARIABLE = YES;
				IPHONEOS_DEPLOYMENT_TARGET = 10.3;
				MTL_ENABLE_DEBUG_INFO = NO;
				SDKROOT = iphoneos;
				SWIFT_OPTIMIZATION_LEVEL = "-Owholemodule";
				VALIDATE_PRODUCT = YES;
			};
			name = Release;
		};
		D824316D1EC4022E00656584 /* Debug */ = {
			isa = XCBuildConfiguration;
			buildSettings = {
				ASSETCATALOG_COMPILER_APPICON_NAME = AppIcon;
				INFOPLIST_FILE = Tagify/Info.plist;
				IPHONEOS_DEPLOYMENT_TARGET = 10.3;
				LD_RUNPATH_SEARCH_PATHS = "$(inherited) @executable_path/Frameworks";
				PRODUCT_BUNDLE_IDENTIFIER = com.hacksprint.Tagify;
				PRODUCT_NAME = "$(TARGET_NAME)";
				SWIFT_VERSION = 3.0;
			};
			name = Debug;
		};
		D824316E1EC4022E00656584 /* Release */ = {
			isa = XCBuildConfiguration;
			buildSettings = {
				ASSETCATALOG_COMPILER_APPICON_NAME = AppIcon;
				INFOPLIST_FILE = Tagify/Info.plist;
				IPHONEOS_DEPLOYMENT_TARGET = 10.3;
				LD_RUNPATH_SEARCH_PATHS = "$(inherited) @executable_path/Frameworks";
				PRODUCT_BUNDLE_IDENTIFIER = com.hacksprint.Tagify;
				PRODUCT_NAME = "$(TARGET_NAME)";
				SWIFT_VERSION = 3.0;
			};
			name = Release;
		};
		D82431701EC4022E00656584 /* Debug */ = {
			isa = XCBuildConfiguration;
			buildSettings = {
				ALWAYS_EMBED_SWIFT_STANDARD_LIBRARIES = YES;
				BUNDLE_LOADER = "$(TEST_HOST)";
				INFOPLIST_FILE = TagifyTests/Info.plist;
				LD_RUNPATH_SEARCH_PATHS = "$(inherited) @executable_path/Frameworks @loader_path/Frameworks";
				PRODUCT_BUNDLE_IDENTIFIER = com.hacksprint.TagifyTests;
				PRODUCT_NAME = "$(TARGET_NAME)";
				SWIFT_VERSION = 3.0;
				TEST_HOST = "$(BUILT_PRODUCTS_DIR)/Tagify.app/Tagify";
			};
			name = Debug;
		};
		D82431711EC4022E00656584 /* Release */ = {
			isa = XCBuildConfiguration;
			buildSettings = {
				ALWAYS_EMBED_SWIFT_STANDARD_LIBRARIES = YES;
				BUNDLE_LOADER = "$(TEST_HOST)";
				INFOPLIST_FILE = TagifyTests/Info.plist;
				LD_RUNPATH_SEARCH_PATHS = "$(inherited) @executable_path/Frameworks @loader_path/Frameworks";
				PRODUCT_BUNDLE_IDENTIFIER = com.hacksprint.TagifyTests;
				PRODUCT_NAME = "$(TARGET_NAME)";
				SWIFT_VERSION = 3.0;
				TEST_HOST = "$(BUILT_PRODUCTS_DIR)/Tagify.app/Tagify";
			};
			name = Release;
		};
		D82431731EC4022E00656584 /* Debug */ = {
			isa = XCBuildConfiguration;
			buildSettings = {
				ALWAYS_EMBED_SWIFT_STANDARD_LIBRARIES = YES;
				INFOPLIST_FILE = TagifyUITests/Info.plist;
				LD_RUNPATH_SEARCH_PATHS = "$(inherited) @executable_path/Frameworks @loader_path/Frameworks";
				PRODUCT_BUNDLE_IDENTIFIER = com.hacksprint.TagifyUITests;
				PRODUCT_NAME = "$(TARGET_NAME)";
				SWIFT_VERSION = 3.0;
				TEST_TARGET_NAME = Tagify;
			};
			name = Debug;
		};
		D82431741EC4022E00656584 /* Release */ = {
			isa = XCBuildConfiguration;
			buildSettings = {
				ALWAYS_EMBED_SWIFT_STANDARD_LIBRARIES = YES;
				INFOPLIST_FILE = TagifyUITests/Info.plist;
				LD_RUNPATH_SEARCH_PATHS = "$(inherited) @executable_path/Frameworks @loader_path/Frameworks";
				PRODUCT_BUNDLE_IDENTIFIER = com.hacksprint.TagifyUITests;
				PRODUCT_NAME = "$(TARGET_NAME)";
				SWIFT_VERSION = 3.0;
				TEST_TARGET_NAME = Tagify;
			};
			name = Release;
		};
/* End XCBuildConfiguration section */

/* Begin XCConfigurationList section */
		D824313C1EC4022E00656584 /* Build configuration list for PBXProject "Tagify" */ = {
			isa = XCConfigurationList;
			buildConfigurations = (
				D824316A1EC4022E00656584 /* Debug */,
				D824316B1EC4022E00656584 /* Release */,
			);
			defaultConfigurationIsVisible = 0;
			defaultConfigurationName = Release;
		};
		D824316C1EC4022E00656584 /* Build configuration list for PBXNativeTarget "Tagify" */ = {
			isa = XCConfigurationList;
			buildConfigurations = (
				D824316D1EC4022E00656584 /* Debug */,
				D824316E1EC4022E00656584 /* Release */,
			);
			defaultConfigurationIsVisible = 0;
			defaultConfigurationName = Release;
		};
		D824316F1EC4022E00656584 /* Build configuration list for PBXNativeTarget "TagifyTests" */ = {
			isa = XCConfigurationList;
			buildConfigurations = (
				D82431701EC4022E00656584 /* Debug */,
				D82431711EC4022E00656584 /* Release */,
			);
			defaultConfigurationIsVisible = 0;
			defaultConfigurationName = Release;
		};
		D82431721EC4022E00656584 /* Build configuration list for PBXNativeTarget "TagifyUITests" */ = {
			isa = XCConfigurationList;
			buildConfigurations = (
				D82431731EC4022E00656584 /* Debug */,
				D82431741EC4022E00656584 /* Release */,
			);
			defaultConfigurationIsVisible = 0;
			defaultConfigurationName = Release;
		};
/* End XCConfigurationList section */

/* Begin XCVersionGroup section */
		D824314B1EC4022E00656584 /* Tagify.xcdatamodeld */ = {
			isa = XCVersionGroup;
			children = (
				D824314C1EC4022E00656584 /* Tagify.xcdatamodel */,
			);
			currentVersion = D824314C1EC4022E00656584 /* Tagify.xcdatamodel */;
			path = Tagify.xcdatamodeld;
			sourceTree = "<group>";
			versionGroupType = wrapper.xcdatamodel;
		};
/* End XCVersionGroup section */
	};
	rootObject = D82431391EC4022E00656584 /* Project object */;
}
